
Microsoft Visual Studio Solution File, Format Version 12.00
# Visual Studio 15
VisualStudioVersion = 15.0.27703.2047
MinimumVisualStudioVersion = 10.0.40219.1
Project("{FAE04EC0-301F-11D3-BF4B-00C04F79EFBC}") = "Ejercicio16", "Ejercicio16\Ejercicio16.csproj", "{ECC60B69-C0B5-430A-B09F-E8D7F9FA9FEC}"
EndProject
Global
	GlobalSection(SolutionConfigurationPlatforms) = preSolution
		Debug|Any CPU = Debug|Any CPU
		Release|Any CPU = Release|Any CPU
	EndGlobalSection
	GlobalSection(ProjectConfigurationPlatforms) = postSolution
		{ECC60B69-C0B5-430A-B09F-E8D7F9FA9FEC}.Debug|Any CPU.ActiveCfg = Debug|Any CPU
		{ECC60B69-C0B5-430A-B09F-E8D7F9FA9FEC}.Debug|Any CPU.Build.0 = Debug|Any CPU
		{ECC60B69-C0B5-430A-B09F-E8D7F9FA9FEC}.Release|Any CPU.ActiveCfg = Release|Any CPU
		{ECC60B69-C0B5-430A-B09F-E8D7F9FA9FEC}.Release|Any CPU.Build.0 = Release|Any CPU
	EndGlobalSection
	GlobalSection(SolutionProperties) = preSolution
		HideSolutionNode = FALSE
	EndGlobalSection
	GlobalSection(ExtensibilityGlobals) = postSolution
		SolutionGuid = {70DEF6E2-5C16-41E9-B7FA-FA612E8A2A72}
	EndGlobalSection
EndGlobal
