
Microsoft Visual Studio Solution File, Format Version 12.00
# Visual Studio 15
VisualStudioVersion = 15.0.27703.2047
MinimumVisualStudioVersion = 10.0.40219.1
Project("{FAE04EC0-301F-11D3-BF4B-00C04F79EFBC}") = "Clase5", "Clase5\Clase5.csproj", "{95CB02DA-93E3-406C-9F76-1C5300B389E6}"
EndProject
Global
	GlobalSection(SolutionConfigurationPlatforms) = preSolution
		Debug|Any CPU = Debug|Any CPU
		Release|Any CPU = Release|Any CPU
	EndGlobalSection
	GlobalSection(ProjectConfigurationPlatforms) = postSolution
		{95CB02DA-93E3-406C-9F76-1C5300B389E6}.Debug|Any CPU.ActiveCfg = Debug|Any CPU
		{95CB02DA-93E3-406C-9F76-1C5300B389E6}.Debug|Any CPU.Build.0 = Debug|Any CPU
		{95CB02DA-93E3-406C-9F76-1C5300B389E6}.Release|Any CPU.ActiveCfg = Release|Any CPU
		{95CB02DA-93E3-406C-9F76-1C5300B389E6}.Release|Any CPU.Build.0 = Release|Any CPU
	EndGlobalSection
	GlobalSection(SolutionProperties) = preSolution
		HideSolutionNode = FALSE
	EndGlobalSection
	GlobalSection(ExtensibilityGlobals) = postSolution
		SolutionGuid = {E4AD1245-5448-47D2-ACC0-16AD6DC9CA3E}
	EndGlobalSection
EndGlobal
