
Microsoft Visual Studio Solution File, Format Version 12.00
# Visual Studio 15
VisualStudioVersion = 15.0.27703.2047
MinimumVisualStudioVersion = 10.0.40219.1
Project("{FAE04EC0-301F-11D3-BF4B-00C04F79EFBC}") = "ejercicio1", "ejercicios\ejercicio1.csproj", "{983CEF66-60D6-4F4A-8653-D8257235F73C}"
EndProject
Project("{FAE04EC0-301F-11D3-BF4B-00C04F79EFBC}") = "ejercicio2", "ConsoleApp1\ejercicio2.csproj", "{B1F13D0A-21FE-4180-AE4B-3B96A897A17C}"
EndProject
Project("{FAE04EC0-301F-11D3-BF4B-00C04F79EFBC}") = "ejercicio3", "ejercicio3\ejercicio3.csproj", "{0D24FE36-601C-4F3A-B124-5108AB58B636}"
EndProject
Global
	GlobalSection(SolutionConfigurationPlatforms) = preSolution
		Debug|Any CPU = Debug|Any CPU
		Release|Any CPU = Release|Any CPU
	EndGlobalSection
	GlobalSection(ProjectConfigurationPlatforms) = postSolution
		{983CEF66-60D6-4F4A-8653-D8257235F73C}.Debug|Any CPU.ActiveCfg = Debug|Any CPU
		{983CEF66-60D6-4F4A-8653-D8257235F73C}.Debug|Any CPU.Build.0 = Debug|Any CPU
		{983CEF66-60D6-4F4A-8653-D8257235F73C}.Release|Any CPU.ActiveCfg = Release|Any CPU
		{983CEF66-60D6-4F4A-8653-D8257235F73C}.Release|Any CPU.Build.0 = Release|Any CPU
		{B1F13D0A-21FE-4180-AE4B-3B96A897A17C}.Debug|Any CPU.ActiveCfg = Debug|Any CPU
		{B1F13D0A-21FE-4180-AE4B-3B96A897A17C}.Debug|Any CPU.Build.0 = Debug|Any CPU
		{B1F13D0A-21FE-4180-AE4B-3B96A897A17C}.Release|Any CPU.ActiveCfg = Release|Any CPU
		{B1F13D0A-21FE-4180-AE4B-3B96A897A17C}.Release|Any CPU.Build.0 = Release|Any CPU
		{0D24FE36-601C-4F3A-B124-5108AB58B636}.Debug|Any CPU.ActiveCfg = Debug|Any CPU
		{0D24FE36-601C-4F3A-B124-5108AB58B636}.Debug|Any CPU.Build.0 = Debug|Any CPU
		{0D24FE36-601C-4F3A-B124-5108AB58B636}.Release|Any CPU.ActiveCfg = Release|Any CPU
		{0D24FE36-601C-4F3A-B124-5108AB58B636}.Release|Any CPU.Build.0 = Release|Any CPU
	EndGlobalSection
	GlobalSection(SolutionProperties) = preSolution
		HideSolutionNode = FALSE
	EndGlobalSection
	GlobalSection(ExtensibilityGlobals) = postSolution
		SolutionGuid = {48BB0ED6-C0B9-4503-899E-091D9D8D4AC2}
	EndGlobalSection
EndGlobal
