
Microsoft Visual Studio Solution File, Format Version 12.00
# Visual Studio 15
VisualStudioVersion = 15.0.27703.2047
MinimumVisualStudioVersion = 10.0.40219.1
Project("{FAE04EC0-301F-11D3-BF4B-00C04F79EFBC}") = "ejercicio52", "ejercicio52\ejercicio52.csproj", "{ADE2F4AB-53F1-4B83-AA2B-5E10AC31B0BE}"
EndProject
Global
	GlobalSection(SolutionConfigurationPlatforms) = preSolution
		Debug|Any CPU = Debug|Any CPU
		Release|Any CPU = Release|Any CPU
	EndGlobalSection
	GlobalSection(ProjectConfigurationPlatforms) = postSolution
		{ADE2F4AB-53F1-4B83-AA2B-5E10AC31B0BE}.Debug|Any CPU.ActiveCfg = Debug|Any CPU
		{ADE2F4AB-53F1-4B83-AA2B-5E10AC31B0BE}.Debug|Any CPU.Build.0 = Debug|Any CPU
		{ADE2F4AB-53F1-4B83-AA2B-5E10AC31B0BE}.Release|Any CPU.ActiveCfg = Release|Any CPU
		{ADE2F4AB-53F1-4B83-AA2B-5E10AC31B0BE}.Release|Any CPU.Build.0 = Release|Any CPU
	EndGlobalSection
	GlobalSection(SolutionProperties) = preSolution
		HideSolutionNode = FALSE
	EndGlobalSection
	GlobalSection(ExtensibilityGlobals) = postSolution
		SolutionGuid = {93CCF47A-1138-45E3-B766-A9ADFB2A3215}
	EndGlobalSection
EndGlobal
