
Microsoft Visual Studio Solution File, Format Version 12.00
# Visual Studio 15
VisualStudioVersion = 15.0.27703.2047
MinimumVisualStudioVersion = 10.0.40219.1
Project("{FAE04EC0-301F-11D3-BF4B-00C04F79EFBC}") = "Ejecrcicio13", "Ejecrcicio13\Ejecrcicio13.csproj", "{52CC997F-9DB5-42AF-9C53-315AD9E4FC06}"
EndProject
Global
	GlobalSection(SolutionConfigurationPlatforms) = preSolution
		Debug|Any CPU = Debug|Any CPU
		Release|Any CPU = Release|Any CPU
	EndGlobalSection
	GlobalSection(ProjectConfigurationPlatforms) = postSolution
		{52CC997F-9DB5-42AF-9C53-315AD9E4FC06}.Debug|Any CPU.ActiveCfg = Debug|Any CPU
		{52CC997F-9DB5-42AF-9C53-315AD9E4FC06}.Debug|Any CPU.Build.0 = Debug|Any CPU
		{52CC997F-9DB5-42AF-9C53-315AD9E4FC06}.Release|Any CPU.ActiveCfg = Release|Any CPU
		{52CC997F-9DB5-42AF-9C53-315AD9E4FC06}.Release|Any CPU.Build.0 = Release|Any CPU
	EndGlobalSection
	GlobalSection(SolutionProperties) = preSolution
		HideSolutionNode = FALSE
	EndGlobalSection
	GlobalSection(ExtensibilityGlobals) = postSolution
		SolutionGuid = {AA16B19D-0049-453B-AEAA-66A55929B252}
	EndGlobalSection
EndGlobal
