
Microsoft Visual Studio Solution File, Format Version 12.00
# Visual Studio 15
VisualStudioVersion = 15.0.27703.2047
MinimumVisualStudioVersion = 10.0.40219.1
Project("{FAE04EC0-301F-11D3-BF4B-00C04F79EFBC}") = "claseHilos", "claseHilos\claseHilos.csproj", "{BC23E322-1F32-41DE-91FC-80ECC038D59C}"
EndProject
Global
	GlobalSection(SolutionConfigurationPlatforms) = preSolution
		Debug|Any CPU = Debug|Any CPU
		Release|Any CPU = Release|Any CPU
	EndGlobalSection
	GlobalSection(ProjectConfigurationPlatforms) = postSolution
		{BC23E322-1F32-41DE-91FC-80ECC038D59C}.Debug|Any CPU.ActiveCfg = Debug|Any CPU
		{BC23E322-1F32-41DE-91FC-80ECC038D59C}.Debug|Any CPU.Build.0 = Debug|Any CPU
		{BC23E322-1F32-41DE-91FC-80ECC038D59C}.Release|Any CPU.ActiveCfg = Release|Any CPU
		{BC23E322-1F32-41DE-91FC-80ECC038D59C}.Release|Any CPU.Build.0 = Release|Any CPU
	EndGlobalSection
	GlobalSection(SolutionProperties) = preSolution
		HideSolutionNode = FALSE
	EndGlobalSection
	GlobalSection(ExtensibilityGlobals) = postSolution
		SolutionGuid = {AEDD9C70-CDBA-49B5-8C6C-8C333F080D5B}
	EndGlobalSection
EndGlobal
